<?xml version="1.0" encoding="utf-8"?>
<Project ToolsVersion="4.0" xmlns="http://schemas.microsoft.com/developer/msbuild/2003">
  <ItemGroup>
    <Filter Include="Source Files">
      <UniqueIdentifier>{4FC737F1-C7A5-4376-A066-2A32D752A2FF}</UniqueIdentifier>
      <Extensions>cpp;c;cc;cxx;def;odl;idl;hpj;bat;asm;asmx</Extensions>
    </Filter>
    <Filter Include="Header Files">
      <UniqueIdentifier>{93995380-89BD-4b04-88EB-625FBE52EBFB}</UniqueIdentifier>
      <Extensions>h;hpp;hxx;hm;inl;inc;xsd</Extensions>
    </Filter>
    <Filter Include="Resource Files">
      <UniqueIdentifier>{67DA6AB6-F800-4c08-8B7A-83BB121AAD01}</UniqueIdentifier>
      <Extensions>rc;ico;cur;bmp;dlg;rc2;rct;bin;rgs;gif;jpg;jpeg;jpe;resx;tiff;tif;png;wav;mfcribbon-ms</Extensions>
    </Filter>
  </ItemGroup>
  <ItemGroup>
    <None Include="ReadMe.txt" />
    <None Include="res\FinalProject_windowsProgramming.rc2">
      <Filter>Resource Files</Filter>
    </None>
    <None Include="res\FinalProject_windowsProgramming.ico">
      <Filter>Resource Files</Filter>
    </None>
    <None Include="res\backGround1.bmp">
      <Filter>Resource Files</Filter>
    </None>
    <None Include="res\grid.bmp">
      <Filter>Resource Files</Filter>
    </None>
    <None Include="ClassDiagram1.cd" />
  </ItemGroup>
  <ItemGroup>
    <ClInclude Include="FinalProject_windowsProgramming.h">
      <Filter>Header Files</Filter>
    </ClInclude>
    <ClInclude Include="stdafx.h">
      <Filter>Header Files</Filter>
    </ClInclude>
    <ClInclude Include="targetver.h">
      <Filter>Header Files</Filter>
    </ClInclude>
    <ClInclude Include="Resource.h">
      <Filter>Header Files</Filter>
    </ClInclude>
    <ClInclude Include="User.h">
      <Filter>Header Files</Filter>
    </ClInclude>
    <ClInclude Include="SecondDlg.h">
      <Filter>Header Files</Filter>
    </ClInclude>
    <ClInclude Include="ThirdDlg.h">
      <Filter>Header Files</Filter>
    </ClInclude>
    <ClInclude Include="FinalProject_windowsProgrammingDlg.h">
      <Filter>Header Files</Filter>
    </ClInclude>
    <ClInclude Include="VictoryDlg.h">
      <Filter>Header Files</Filter>
    </ClInclude>
    <ClInclude Include="GameOverDlg.h">
      <Filter>Header Files</Filter>
    </ClInclude>
    <ClInclude Include="AttackUnit.h">
      <Filter>Header Files</Filter>
    </ClInclude>
    <ClInclude Include="StructObject.h">
      <Filter>Header Files</Filter>
    </ClInclude>
    <ClInclude Include="ShieldUnit.h">
      <Filter>Header Files</Filter>
    </ClInclude>
    <ClInclude Include="Bullet.h">
      <Filter>Header Files</Filter>
    </ClInclude>
    <ClInclude Include="AttackUnit1.h">
      <Filter>Header Files</Filter>
    </ClInclude>
    <ClInclude Include="ShieldUnit1.h">
      <Filter>Header Files</Filter>
    </ClInclude>
    <ClInclude Include="AttackUnit2.h">
      <Filter>Header Files</Filter>
    </ClInclude>
    <ClInclude Include="AttackUnit3.h">
      <Filter>Header Files</Filter>
    </ClInclude>
    <ClInclude Include="AttackUnit4.h">
      <Filter>Header Files</Filter>
    </ClInclude>
    <ClInclude Include="AttackUnit5.h">
      <Filter>Header Files</Filter>
    </ClInclude>
    <ClInclude Include="AttackUnit6.h">
      <Filter>Header Files</Filter>
    </ClInclude>
    <ClInclude Include="ShieldUnit2.h">
      <Filter>Header Files</Filter>
    </ClInclude>
    <ClInclude Include="ShieldUnit3.h">
      <Filter>Header Files</Filter>
    </ClInclude>
    <ClInclude Include="ShieldUnit4.h">
      <Filter>Header Files</Filter>
    </ClInclude>
    <ClInclude Include="ShieldUnit5.h">
      <Filter>Header Files</Filter>
    </ClInclude>
    <ClInclude Include="ShieldUnit6.h">
      <Filter>Header Files</Filter>
    </ClInclude>
    <ClInclude Include="BossAttackUnit1.h">
      <Filter>Header Files</Filter>
    </ClInclude>
  </ItemGroup>
  <ItemGroup>
    <ClCompile Include="FinalProject_windowsProgramming.cpp">
      <Filter>Source Files</Filter>
    </ClCompile>
    <ClCompile Include="stdafx.cpp">
      <Filter>Source Files</Filter>
    </ClCompile>
    <ClCompile Include="User.cpp">
      <Filter>Source Files</Filter>
    </ClCompile>
    <ClCompile Include="SecondDlg.cpp">
      <Filter>Source Files</Filter>
    </ClCompile>
    <ClCompile Include="ThirdDlg.cpp">
      <Filter>Source Files</Filter>
    </ClCompile>
    <ClCompile Include="FinalProject_windowsProgrammingDlg.cpp">
      <Filter>Source Files</Filter>
    </ClCompile>
    <ClCompile Include="VictoryDlg.cpp">
      <Filter>Source Files</Filter>
    </ClCompile>
    <ClCompile Include="GameOverDlg.cpp">
      <Filter>Source Files</Filter>
    </ClCompile>
    <ClCompile Include="AttackUnit.cpp">
      <Filter>Source Files</Filter>
    </ClCompile>
    <ClCompile Include="StructObject.cpp">
      <Filter>Source Files</Filter>
    </ClCompile>
    <ClCompile Include="ShieldUnit.cpp">
      <Filter>Source Files</Filter>
    </ClCompile>
    <ClCompile Include="Bullet.cpp">
      <Filter>Source Files</Filter>
    </ClCompile>
    <ClCompile Include="AttackUnit1.cpp">
      <Filter>Source Files</Filter>
    </ClCompile>
    <ClCompile Include="ShieldUnit1.cpp">
      <Filter>Source Files</Filter>
    </ClCompile>
    <ClCompile Include="AttackUnit2.cpp">
      <Filter>Source Files</Filter>
    </ClCompile>
    <ClCompile Include="AttackUnit3.cpp">
      <Filter>Source Files</Filter>
    </ClCompile>
    <ClCompile Include="AttackUnit4.cpp">
      <Filter>Source Files</Filter>
    </ClCompile>
    <ClCompile Include="AttackUnit5.cpp">
      <Filter>Source Files</Filter>
    </ClCompile>
    <ClCompile Include="AttackUnit6.cpp">
      <Filter>Source Files</Filter>
    </ClCompile>
    <ClCompile Include="ShieldUnit2.cpp">
      <Filter>Source Files</Filter>
    </ClCompile>
    <ClCompile Include="ShieldUnit3.cpp">
      <Filter>Source Files</Filter>
    </ClCompile>
    <ClCompile Include="ShieldUnit4.cpp">
      <Filter>Source Files</Filter>
    </ClCompile>
    <ClCompile Include="ShieldUnit5.cpp">
      <Filter>Source Files</Filter>
    </ClCompile>
    <ClCompile Include="ShieldUnit6.cpp">
      <Filter>Source Files</Filter>
    </ClCompile>
    <ClCompile Include="BossAttackUnit1.cpp">
      <Filter>Source Files</Filter>
    </ClCompile>
  </ItemGroup>
  <ItemGroup>
    <ResourceCompile Include="FinalProject_windowsProgramming.rc">
      <Filter>Resource Files</Filter>
    </ResourceCompile>
  </ItemGroup>
</Project>